// !$*UTF8*$!
{
	archiveVersion = 1;
	classes = {
	};
	objectVersion = 50;
	objects = {

/* Begin PBXBuildFile section */
		13026C3926A0A1FE00D683B0 /* AppDelegate.swift in Sources */ = {isa = PBXBuildFile; fileRef = 13026C3826A0A1FE00D683B0 /* AppDelegate.swift */; };
		13026C3B26A0A1FE00D683B0 /* SceneDelegate.swift in Sources */ = {isa = PBXBuildFile; fileRef = 13026C3A26A0A1FE00D683B0 /* SceneDelegate.swift */; };
		13026C4026A0A1FE00D683B0 /* Main.storyboard in Resources */ = {isa = PBXBuildFile; fileRef = 13026C3E26A0A1FE00D683B0 /* Main.storyboard */; };
		13026C4226A0A20300D683B0 /* Assets.xcassets in Resources */ = {isa = PBXBuildFile; fileRef = 13026C4126A0A20300D683B0 /* Assets.xcassets */; };
		13026C4526A0A20300D683B0 /* LaunchScreen.storyboard in Resources */ = {isa = PBXBuildFile; fileRef = 13026C4326A0A20300D683B0 /* LaunchScreen.storyboard */; };
		13026C4D26A0A3E300D683B0 /* CollectionItem.swift in Sources */ = {isa = PBXBuildFile; fileRef = 13026C4C26A0A3E300D683B0 /* CollectionItem.swift */; };
		13026C5326A0C10700D683B0 /* DevocionalDiarioViewController.swift in Sources */ = {isa = PBXBuildFile; fileRef = 13026C5226A0C10700D683B0 /* DevocionalDiarioViewController.swift */; };
		13026C5526A0C2D300D683B0 /* MyCollectionViewCell.swift in Sources */ = {isa = PBXBuildFile; fileRef = 13026C5426A0C2D300D683B0 /* MyCollectionViewCell.swift */; };
		13026C5726A0CC7400D683B0 /* EstruturaBaseData.swift in Sources */ = {isa = PBXBuildFile; fileRef = 13026C5626A0CC7400D683B0 /* EstruturaBaseData.swift */; };
		13026C5926A0CDC000D683B0 /* ConstraintsAndDesign.swift in Sources */ = {isa = PBXBuildFile; fileRef = 13026C5826A0CDC000D683B0 /* ConstraintsAndDesign.swift */; };
		13026C6126A211BA00D683B0 /* MinhaDevocional2ViewController.swift in Sources */ = {isa = PBXBuildFile; fileRef = 13026C6026A211BA00D683B0 /* MinhaDevocional2ViewController.swift */; };
		1331FFD026AB2B11003BDFAC /* DevocionalMusicViewController.swift in Sources */ = {isa = PBXBuildFile; fileRef = 1331FFCF26AB2B11003BDFAC /* DevocionalMusicViewController.swift */; };
		1331FFD226AB6605003BDFAC /* cotidianoBase.swift in Sources */ = {isa = PBXBuildFile; fileRef = 1331FFD126AB6605003BDFAC /* cotidianoBase.swift */; };
		134ADBF9279F11F400AD4370 /* MyCollectionViewCell2.swift in Sources */ = {isa = PBXBuildFile; fileRef = 134ADBF8279F11F400AD4370 /* MyCollectionViewCell2.swift */; };
		136CEA0D26B0ABA4007BDC49 /* InfoViewController.swift in Sources */ = {isa = PBXBuildFile; fileRef = 136CEA0C26B0ABA4007BDC49 /* InfoViewController.swift */; };
		136CEA0F26B24FF2007BDC49 /* MinhaDevocionalViewController.swift in Sources */ = {isa = PBXBuildFile; fileRef = 136CEA0E26B24FF2007BDC49 /* MinhaDevocionalViewController.swift */; };
		136F9E1026AE0D590064F06F /* vidaBase.swift in Sources */ = {isa = PBXBuildFile; fileRef = 136F9E0F26AE0D590064F06F /* vidaBase.swift */; };
		136F9E1226AE17C30064F06F /* estudosBase.swift in Sources */ = {isa = PBXBuildFile; fileRef = 136F9E1126AE17C30064F06F /* estudosBase.swift */; };
		139044212798A24100EFAAAB /* Model.xcdatamodeld in Sources */ = {isa = PBXBuildFile; fileRef = 139B6FBF26A8CEE800C50E06 /* Model.xcdatamodeld */; };
		139044252798AC0200EFAAAB /* WidgetContent.swift in Sources */ = {isa = PBXBuildFile; fileRef = 139044232798ABF800EFAAAB /* WidgetContent.swift */; };
		139044262798AC0400EFAAAB /* WidgetContent.swift in Sources */ = {isa = PBXBuildFile; fileRef = 139044232798ABF800EFAAAB /* WidgetContent.swift */; };
		1391571C278616F40056A439 /* MinhasDevocionais+UITextField.swift in Sources */ = {isa = PBXBuildFile; fileRef = 1391571B278616F40056A439 /* MinhasDevocionais+UITextField.swift */; };
		1391571E278617790056A439 /* NotificacoesConteudo.swift in Sources */ = {isa = PBXBuildFile; fileRef = 1391571D278617790056A439 /* NotificacoesConteudo.swift */; };
		139157222786182E0056A439 /* UserDevocionais.swift in Sources */ = {isa = PBXBuildFile; fileRef = 139157212786182E0056A439 /* UserDevocionais.swift */; };
		13915724278618950056A439 /* EmptyView.swift in Sources */ = {isa = PBXBuildFile; fileRef = 13915723278618950056A439 /* EmptyView.swift */; };
		139272AC27B07395002C4F09 /* Stickers.xcassets in Resources */ = {isa = PBXBuildFile; fileRef = 139272AB27B07395002C4F09 /* Stickers.xcassets */; };
		139272B027B07395002C4F09 /* MeuDevocionalSticker.appex in Embed App Extensions */ = {isa = PBXBuildFile; fileRef = 139272A927B07394002C4F09 /* MeuDevocionalSticker.appex */; settings = {ATTRIBUTES = (RemoveHeadersOnCopy, ); }; };
		13949BBB2798797300650144 /* WidgetKit.framework in Frameworks */ = {isa = PBXBuildFile; fileRef = 13949BBA2798797300650144 /* WidgetKit.framework */; };
		13949BBD2798797300650144 /* SwiftUI.framework in Frameworks */ = {isa = PBXBuildFile; fileRef = 13949BBC2798797300650144 /* SwiftUI.framework */; };
		13949BC02798797300650144 /* MeuDevocionalWidget.swift in Sources */ = {isa = PBXBuildFile; fileRef = 13949BBF2798797300650144 /* MeuDevocionalWidget.swift */; };
		13949BC22798797400650144 /* Assets.xcassets in Resources */ = {isa = PBXBuildFile; fileRef = 13949BC12798797400650144 /* Assets.xcassets */; };
		13949BC62798797400650144 /* MeuDevocionalWidgetExtension.appex in Embed App Extensions */ = {isa = PBXBuildFile; fileRef = 13949BB82798797300650144 /* MeuDevocionalWidgetExtension.appex */; settings = {ATTRIBUTES = (RemoveHeadersOnCopy, ); }; };
		13949BCC27987DF800650144 /* UserDefaultManager.swift in Sources */ = {isa = PBXBuildFile; fileRef = 13949BCB27987DF800650144 /* UserDefaultManager.swift */; };
		13949BCF2798834400650144 /* UserDefaultManager.swift in Sources */ = {isa = PBXBuildFile; fileRef = 13949BCB27987DF800650144 /* UserDefaultManager.swift */; };
		13949BD0279883CF00650144 /* Assets.xcassets in Resources */ = {isa = PBXBuildFile; fileRef = 13026C4126A0A20300D683B0 /* Assets.xcassets */; };
		13949BD127988AE400650144 /* SalvarImagem.swift in Sources */ = {isa = PBXBuildFile; fileRef = 13C0759627973C1B0051F316 /* SalvarImagem.swift */; };
		139B6F6D26A2724C00C50E06 /* DevocionalDiarioEstudoViewController.swift in Sources */ = {isa = PBXBuildFile; fileRef = 139B6F6C26A2724C00C50E06 /* DevocionalDiarioEstudoViewController.swift */; };
		139B6F7126A2730F00C50E06 /* MuralViewController.swift in Sources */ = {isa = PBXBuildFile; fileRef = 139B6F7026A2730F00C50E06 /* MuralViewController.swift */; };
		139B6F7326A2766400C50E06 /* MuralViewController2.swift in Sources */ = {isa = PBXBuildFile; fileRef = 139B6F7226A2766400C50E06 /* MuralViewController2.swift */; };
		139B6FA026A72FA800C50E06 /* MinhaDevocional3ViewController.swift in Sources */ = {isa = PBXBuildFile; fileRef = 139B6F9F26A72FA800C50E06 /* MinhaDevocional3ViewController.swift */; };
		139B6FA226A7456A00C50E06 /* MyTableViewCell.swift in Sources */ = {isa = PBXBuildFile; fileRef = 139B6FA126A7456A00C50E06 /* MyTableViewCell.swift */; };
		139B6FC126A8CEE800C50E06 /* Model.xcdatamodeld in Sources */ = {isa = PBXBuildFile; fileRef = 139B6FBF26A8CEE800C50E06 /* Model.xcdatamodeld */; };
		139B6FC426A8CF7600C50E06 /* Devocionais+CoreDataClass.swift in Sources */ = {isa = PBXBuildFile; fileRef = 139B6FC226A8CF7600C50E06 /* Devocionais+CoreDataClass.swift */; };
		139B6FC526A8CF7600C50E06 /* Devocionais+CoreDataProperties.swift in Sources */ = {isa = PBXBuildFile; fileRef = 139B6FC326A8CF7600C50E06 /* Devocionais+CoreDataProperties.swift */; };
		139B6FC826A8CF9700C50E06 /* CoreDataDevocionais.swift in Sources */ = {isa = PBXBuildFile; fileRef = 139B6FC726A8CF9700C50E06 /* CoreDataDevocionais.swift */; };
		139B6FCB26A9DA5500C50E06 /* Post+CoreDataClass.swift in Sources */ = {isa = PBXBuildFile; fileRef = 139B6FC926A9DA5500C50E06 /* Post+CoreDataClass.swift */; };
		139B6FCC26A9DA5500C50E06 /* Post+CoreDataProperties.swift in Sources */ = {isa = PBXBuildFile; fileRef = 139B6FCA26A9DA5500C50E06 /* Post+CoreDataProperties.swift */; };
		139B6FCF26A9DA9900C50E06 /* CoreDataPost.swift in Sources */ = {isa = PBXBuildFile; fileRef = 139B6FCE26A9DA9900C50E06 /* CoreDataPost.swift */; };
		13C07590279488950051F316 /* OnboardViewController.swift in Sources */ = {isa = PBXBuildFile; fileRef = 13C0758F279488950051F316 /* OnboardViewController.swift */; };
		13C07592279488CB0051F316 /* ViewOnboarding.swift in Sources */ = {isa = PBXBuildFile; fileRef = 13C07591279488CB0051F316 /* ViewOnboarding.swift */; };
		13C07595279731480051F316 /* ImagePicker.swift in Sources */ = {isa = PBXBuildFile; fileRef = 13C07594279731480051F316 /* ImagePicker.swift */; };
		13C0759727973C1B0051F316 /* SalvarImagem.swift in Sources */ = {isa = PBXBuildFile; fileRef = 13C0759627973C1B0051F316 /* SalvarImagem.swift */; };
		13F476142791E56D00C12113 /* DevocionaisRapidas.swift in Sources */ = {isa = PBXBuildFile; fileRef = 13F476132791E56D00C12113 /* DevocionaisRapidas.swift */; };
		13F476162791EED700C12113 /* DataManager.swift in Sources */ = {isa = PBXBuildFile; fileRef = 13F476152791EED700C12113 /* DataManager.swift */; };
		13F476182791FFE900C12113 /* DevocionalDiarioRapidoViewController.swift in Sources */ = {isa = PBXBuildFile; fileRef = 13F476172791FFE900C12113 /* DevocionalDiarioRapidoViewController.swift */; };
/* End PBXBuildFile section */

/* Begin PBXContainerItemProxy section */
		139272AE27B07395002C4F09 /* PBXContainerItemProxy */ = {
			isa = PBXContainerItemProxy;
			containerPortal = 13026C2D26A0A1FE00D683B0 /* Project object */;
			proxyType = 1;
			remoteGlobalIDString = 139272A827B07394002C4F09;
			remoteInfo = MeuDevocionalSticker;
		};
		13949BC42798797400650144 /* PBXContainerItemProxy */ = {
			isa = PBXContainerItemProxy;
			containerPortal = 13026C2D26A0A1FE00D683B0 /* Project object */;
			proxyType = 1;
			remoteGlobalIDString = 13949BB72798797300650144;
			remoteInfo = MeuDevocionalWidgetExtension;
		};
/* End PBXContainerItemProxy section */

/* Begin PBXCopyFilesBuildPhase section */
		13949BC72798797400650144 /* Embed App Extensions */ = {
			isa = PBXCopyFilesBuildPhase;
			buildActionMask = 2147483647;
			dstPath = "";
			dstSubfolderSpec = 13;
			files = (
				139272B027B07395002C4F09 /* MeuDevocionalSticker.appex in Embed App Extensions */,
				13949BC62798797400650144 /* MeuDevocionalWidgetExtension.appex in Embed App Extensions */,
			);
			name = "Embed App Extensions";
			runOnlyForDeploymentPostprocessing = 0;
		};
/* End PBXCopyFilesBuildPhase section */

/* Begin PBXFileReference section */
		13026C3526A0A1FE00D683B0 /* MeuDevocional.app */ = {isa = PBXFileReference; explicitFileType = wrapper.application; includeInIndex = 0; path = MeuDevocional.app; sourceTree = BUILT_PRODUCTS_DIR; };
		13026C3826A0A1FE00D683B0 /* AppDelegate.swift */ = {isa = PBXFileReference; lastKnownFileType = sourcecode.swift; path = AppDelegate.swift; sourceTree = "<group>"; };
		13026C3A26A0A1FE00D683B0 /* SceneDelegate.swift */ = {isa = PBXFileReference; lastKnownFileType = sourcecode.swift; path = SceneDelegate.swift; sourceTree = "<group>"; };
		13026C3F26A0A1FE00D683B0 /* Base */ = {isa = PBXFileReference; lastKnownFileType = file.storyboard; name = Base; path = Base.lproj/Main.storyboard; sourceTree = "<group>"; };
		13026C4126A0A20300D683B0 /* Assets.xcassets */ = {isa = PBXFileReference; lastKnownFileType = folder.assetcatalog; path = Assets.xcassets; sourceTree = "<group>"; };
		13026C4426A0A20300D683B0 /* Base */ = {isa = PBXFileReference; lastKnownFileType = file.storyboard; name = Base; path = Base.lproj/LaunchScreen.storyboard; sourceTree = "<group>"; };
		13026C4626A0A20300D683B0 /* Info.plist */ = {isa = PBXFileReference; lastKnownFileType = text.plist.xml; path = Info.plist; sourceTree = "<group>"; };
		13026C4C26A0A3E300D683B0 /* CollectionItem.swift */ = {isa = PBXFileReference; lastKnownFileType = sourcecode.swift; path = CollectionItem.swift; sourceTree = "<group>"; };
		13026C5226A0C10700D683B0 /* DevocionalDiarioViewController.swift */ = {isa = PBXFileReference; lastKnownFileType = sourcecode.swift; path = DevocionalDiarioViewController.swift; sourceTree = "<group>"; };
		13026C5426A0C2D300D683B0 /* MyCollectionViewCell.swift */ = {isa = PBXFileReference; lastKnownFileType = sourcecode.swift; path = MyCollectionViewCell.swift; sourceTree = "<group>"; };
		13026C5626A0CC7400D683B0 /* EstruturaBaseData.swift */ = {isa = PBXFileReference; lastKnownFileType = sourcecode.swift; path = EstruturaBaseData.swift; sourceTree = "<group>"; };
		13026C5826A0CDC000D683B0 /* ConstraintsAndDesign.swift */ = {isa = PBXFileReference; lastKnownFileType = sourcecode.swift; path = ConstraintsAndDesign.swift; sourceTree = "<group>"; };
		13026C6026A211BA00D683B0 /* MinhaDevocional2ViewController.swift */ = {isa = PBXFileReference; lastKnownFileType = sourcecode.swift; path = MinhaDevocional2ViewController.swift; sourceTree = "<group>"; };
		1331FFCF26AB2B11003BDFAC /* DevocionalMusicViewController.swift */ = {isa = PBXFileReference; lastKnownFileType = sourcecode.swift; path = DevocionalMusicViewController.swift; sourceTree = "<group>"; };
		1331FFD126AB6605003BDFAC /* cotidianoBase.swift */ = {isa = PBXFileReference; lastKnownFileType = sourcecode.swift; path = cotidianoBase.swift; sourceTree = "<group>"; };
		134ADBF8279F11F400AD4370 /* MyCollectionViewCell2.swift */ = {isa = PBXFileReference; lastKnownFileType = sourcecode.swift; path = MyCollectionViewCell2.swift; sourceTree = "<group>"; };
		136CEA0C26B0ABA4007BDC49 /* InfoViewController.swift */ = {isa = PBXFileReference; lastKnownFileType = sourcecode.swift; path = InfoViewController.swift; sourceTree = "<group>"; };
		136CEA0E26B24FF2007BDC49 /* MinhaDevocionalViewController.swift */ = {isa = PBXFileReference; lastKnownFileType = sourcecode.swift; path = MinhaDevocionalViewController.swift; sourceTree = "<group>"; };
		136F9E0F26AE0D590064F06F /* vidaBase.swift */ = {isa = PBXFileReference; lastKnownFileType = sourcecode.swift; path = vidaBase.swift; sourceTree = "<group>"; };
		136F9E1126AE17C30064F06F /* estudosBase.swift */ = {isa = PBXFileReference; lastKnownFileType = sourcecode.swift; path = estudosBase.swift; sourceTree = "<group>"; };
		139044232798ABF800EFAAAB /* WidgetContent.swift */ = {isa = PBXFileReference; lastKnownFileType = sourcecode.swift; path = WidgetContent.swift; sourceTree = "<group>"; };
		1391571B278616F40056A439 /* MinhasDevocionais+UITextField.swift */ = {isa = PBXFileReference; lastKnownFileType = sourcecode.swift; path = "MinhasDevocionais+UITextField.swift"; sourceTree = "<group>"; };
		1391571D278617790056A439 /* NotificacoesConteudo.swift */ = {isa = PBXFileReference; lastKnownFileType = sourcecode.swift; path = NotificacoesConteudo.swift; sourceTree = "<group>"; };
		139157212786182E0056A439 /* UserDevocionais.swift */ = {isa = PBXFileReference; lastKnownFileType = sourcecode.swift; path = UserDevocionais.swift; sourceTree = "<group>"; };
		13915723278618950056A439 /* EmptyView.swift */ = {isa = PBXFileReference; lastKnownFileType = sourcecode.swift; path = EmptyView.swift; sourceTree = "<group>"; };
		139272A927B07394002C4F09 /* MeuDevocionalSticker.appex */ = {isa = PBXFileReference; explicitFileType = "wrapper.app-extension"; includeInIndex = 0; path = MeuDevocionalSticker.appex; sourceTree = BUILT_PRODUCTS_DIR; };
		139272AB27B07395002C4F09 /* Stickers.xcassets */ = {isa = PBXFileReference; lastKnownFileType = folder.assetcatalog; path = Stickers.xcassets; sourceTree = "<group>"; };
		139272AD27B07395002C4F09 /* Info.plist */ = {isa = PBXFileReference; lastKnownFileType = text.plist.xml; path = Info.plist; sourceTree = "<group>"; };
		13949BB82798797300650144 /* MeuDevocionalWidgetExtension.appex */ = {isa = PBXFileReference; explicitFileType = "wrapper.app-extension"; includeInIndex = 0; path = MeuDevocionalWidgetExtension.appex; sourceTree = BUILT_PRODUCTS_DIR; };
		13949BBA2798797300650144 /* WidgetKit.framework */ = {isa = PBXFileReference; lastKnownFileType = wrapper.framework; name = WidgetKit.framework; path = System/Library/Frameworks/WidgetKit.framework; sourceTree = SDKROOT; };
		13949BBC2798797300650144 /* SwiftUI.framework */ = {isa = PBXFileReference; lastKnownFileType = wrapper.framework; name = SwiftUI.framework; path = System/Library/Frameworks/SwiftUI.framework; sourceTree = SDKROOT; };
		13949BBF2798797300650144 /* MeuDevocionalWidget.swift */ = {isa = PBXFileReference; lastKnownFileType = sourcecode.swift; path = MeuDevocionalWidget.swift; sourceTree = "<group>"; };
		13949BC12798797400650144 /* Assets.xcassets */ = {isa = PBXFileReference; lastKnownFileType = folder.assetcatalog; path = Assets.xcassets; sourceTree = "<group>"; };
		13949BC32798797400650144 /* Info.plist */ = {isa = PBXFileReference; lastKnownFileType = text.plist.xml; path = Info.plist; sourceTree = "<group>"; };
		13949BCB27987DF800650144 /* UserDefaultManager.swift */ = {isa = PBXFileReference; lastKnownFileType = sourcecode.swift; path = UserDefaultManager.swift; sourceTree = "<group>"; };
		13949BCD2798807D00650144 /* MeuDevocional.entitlements */ = {isa = PBXFileReference; lastKnownFileType = text.plist.entitlements; path = MeuDevocional.entitlements; sourceTree = "<group>"; };
		13949BCE2798809700650144 /* MeuDevocionalWidgetExtension.entitlements */ = {isa = PBXFileReference; lastKnownFileType = text.plist.entitlements; path = MeuDevocionalWidgetExtension.entitlements; sourceTree = "<group>"; };
		139B6F6C26A2724C00C50E06 /* DevocionalDiarioEstudoViewController.swift */ = {isa = PBXFileReference; fileEncoding = 4; lastKnownFileType = sourcecode.swift; path = DevocionalDiarioEstudoViewController.swift; sourceTree = "<group>"; };
		139B6F7026A2730F00C50E06 /* MuralViewController.swift */ = {isa = PBXFileReference; lastKnownFileType = sourcecode.swift; path = MuralViewController.swift; sourceTree = "<group>"; };
		139B6F7226A2766400C50E06 /* MuralViewController2.swift */ = {isa = PBXFileReference; lastKnownFileType = sourcecode.swift; path = MuralViewController2.swift; sourceTree = "<group>"; };
		139B6F9F26A72FA800C50E06 /* MinhaDevocional3ViewController.swift */ = {isa = PBXFileReference; lastKnownFileType = sourcecode.swift; path = MinhaDevocional3ViewController.swift; sourceTree = "<group>"; };
		139B6FA126A7456A00C50E06 /* MyTableViewCell.swift */ = {isa = PBXFileReference; lastKnownFileType = sourcecode.swift; path = MyTableViewCell.swift; sourceTree = "<group>"; };
		139B6FC026A8CEE800C50E06 /* Model.xcdatamodel */ = {isa = PBXFileReference; lastKnownFileType = wrapper.xcdatamodel; path = Model.xcdatamodel; sourceTree = "<group>"; };
		139B6FC226A8CF7600C50E06 /* Devocionais+CoreDataClass.swift */ = {isa = PBXFileReference; lastKnownFileType = sourcecode.swift; path = "Devocionais+CoreDataClass.swift"; sourceTree = "<group>"; };
		139B6FC326A8CF7600C50E06 /* Devocionais+CoreDataProperties.swift */ = {isa = PBXFileReference; lastKnownFileType = sourcecode.swift; path = "Devocionais+CoreDataProperties.swift"; sourceTree = "<group>"; };
		139B6FC726A8CF9700C50E06 /* CoreDataDevocionais.swift */ = {isa = PBXFileReference; lastKnownFileType = sourcecode.swift; path = CoreDataDevocionais.swift; sourceTree = "<group>"; };
		139B6FC926A9DA5500C50E06 /* Post+CoreDataClass.swift */ = {isa = PBXFileReference; lastKnownFileType = sourcecode.swift; path = "Post+CoreDataClass.swift"; sourceTree = "<group>"; };
		139B6FCA26A9DA5500C50E06 /* Post+CoreDataProperties.swift */ = {isa = PBXFileReference; lastKnownFileType = sourcecode.swift; path = "Post+CoreDataProperties.swift"; sourceTree = "<group>"; };
		139B6FCE26A9DA9900C50E06 /* CoreDataPost.swift */ = {isa = PBXFileReference; lastKnownFileType = sourcecode.swift; path = CoreDataPost.swift; sourceTree = "<group>"; };
		13C0758F279488950051F316 /* OnboardViewController.swift */ = {isa = PBXFileReference; lastKnownFileType = sourcecode.swift; path = OnboardViewController.swift; sourceTree = "<group>"; };
		13C07591279488CB0051F316 /* ViewOnboarding.swift */ = {isa = PBXFileReference; lastKnownFileType = sourcecode.swift; path = ViewOnboarding.swift; sourceTree = "<group>"; };
		13C07594279731480051F316 /* ImagePicker.swift */ = {isa = PBXFileReference; lastKnownFileType = sourcecode.swift; path = ImagePicker.swift; sourceTree = "<group>"; };
		13C0759627973C1B0051F316 /* SalvarImagem.swift */ = {isa = PBXFileReference; lastKnownFileType = sourcecode.swift; path = SalvarImagem.swift; sourceTree = "<group>"; };
		13F476132791E56D00C12113 /* DevocionaisRapidas.swift */ = {isa = PBXFileReference; lastKnownFileType = sourcecode.swift; path = DevocionaisRapidas.swift; sourceTree = "<group>"; };
		13F476152791EED700C12113 /* DataManager.swift */ = {isa = PBXFileReference; lastKnownFileType = sourcecode.swift; path = DataManager.swift; sourceTree = "<group>"; };
		13F476172791FFE900C12113 /* DevocionalDiarioRapidoViewController.swift */ = {isa = PBXFileReference; lastKnownFileType = sourcecode.swift; path = DevocionalDiarioRapidoViewController.swift; sourceTree = "<group>"; };
/* End PBXFileReference section */

/* Begin PBXFrameworksBuildPhase section */
		13026C3226A0A1FE00D683B0 /* Frameworks */ = {
			isa = PBXFrameworksBuildPhase;
			buildActionMask = 2147483647;
			files = (
			);
			runOnlyForDeploymentPostprocessing = 0;
		};
		13949BB52798797300650144 /* Frameworks */ = {
			isa = PBXFrameworksBuildPhase;
			buildActionMask = 2147483647;
			files = (
				13949BBD2798797300650144 /* SwiftUI.framework in Frameworks */,
				13949BBB2798797300650144 /* WidgetKit.framework in Frameworks */,
			);
			runOnlyForDeploymentPostprocessing = 0;
		};
/* End PBXFrameworksBuildPhase section */

/* Begin PBXGroup section */
		13026C2C26A0A1FE00D683B0 = {
			isa = PBXGroup;
			children = (
				13949BCE2798809700650144 /* MeuDevocionalWidgetExtension.entitlements */,
				139B6FC926A9DA5500C50E06 /* Post+CoreDataClass.swift */,
				139B6FCA26A9DA5500C50E06 /* Post+CoreDataProperties.swift */,
				139B6FC226A8CF7600C50E06 /* Devocionais+CoreDataClass.swift */,
				139B6FC326A8CF7600C50E06 /* Devocionais+CoreDataProperties.swift */,
				13026C3726A0A1FE00D683B0 /* MeuDevocional */,
				13949BBE2798797300650144 /* MeuDevocionalWidget */,
				139272AA27B07394002C4F09 /* MeuDevocionalSticker */,
				13949BB92798797300650144 /* Frameworks */,
				13026C3626A0A1FE00D683B0 /* Products */,
			);
			sourceTree = "<group>";
		};
		13026C3626A0A1FE00D683B0 /* Products */ = {
			isa = PBXGroup;
			children = (
				13026C3526A0A1FE00D683B0 /* MeuDevocional.app */,
				13949BB82798797300650144 /* MeuDevocionalWidgetExtension.appex */,
				139272A927B07394002C4F09 /* MeuDevocionalSticker.appex */,
			);
			name = Products;
			sourceTree = "<group>";
		};
		13026C3726A0A1FE00D683B0 /* MeuDevocional */ = {
			isa = PBXGroup;
			children = (
				13949BCD2798807D00650144 /* MeuDevocional.entitlements */,
				13C075932797312F0051F316 /* Image */,
				13C0758E279487410051F316 /* Onboard */,
				13F476122791E55D00C12113 /* Model */,
				139B6FC626A8CF8400C50E06 /* CoreData */,
				139B6FA826A8A1E200C50E06 /* DevocionaisDiarias */,
				139B6FAD26A8A25900C50E06 /* MinhasDevocionais */,
				139B6FAC26A8A24800C50E06 /* Mural */,
				13915718278616650056A439 /* Info */,
				139B6FAB26A8A21500C50E06 /* ViewControllersCell */,
				139B6FA926A8A1EB00C50E06 /* Dependences */,
				13026C3826A0A1FE00D683B0 /* AppDelegate.swift */,
				13026C3A26A0A1FE00D683B0 /* SceneDelegate.swift */,
				13026C3E26A0A1FE00D683B0 /* Main.storyboard */,
				13026C4126A0A20300D683B0 /* Assets.xcassets */,
				13026C4326A0A20300D683B0 /* LaunchScreen.storyboard */,
				13026C4626A0A20300D683B0 /* Info.plist */,
				139B6FBF26A8CEE800C50E06 /* Model.xcdatamodeld */,
			);
			path = MeuDevocional;
			sourceTree = "<group>";
		};
		13915718278616650056A439 /* Info */ = {
			isa = PBXGroup;
			children = (
				136CEA0C26B0ABA4007BDC49 /* InfoViewController.swift */,
			);
			path = Info;
			sourceTree = "<group>";
		};
		139157192786169F0056A439 /* ConteudoBase */ = {
			isa = PBXGroup;
			children = (
				13026C5626A0CC7400D683B0 /* EstruturaBaseData.swift */,
				1331FFD126AB6605003BDFAC /* cotidianoBase.swift */,
				136F9E0F26AE0D590064F06F /* vidaBase.swift */,
				136F9E1126AE17C30064F06F /* estudosBase.swift */,
			);
			path = ConteudoBase;
			sourceTree = "<group>";
		};
		1391571A278616C30056A439 /* Extensions */ = {
			isa = PBXGroup;
			children = (
				1391571B278616F40056A439 /* MinhasDevocionais+UITextField.swift */,
			);
			path = Extensions;
			sourceTree = "<group>";
		};
		1391571F278617840056A439 /* Notificacoes */ = {
			isa = PBXGroup;
			children = (
				1391571D278617790056A439 /* NotificacoesConteudo.swift */,
			);
			path = Notificacoes;
			sourceTree = "<group>";
		};
		13915720278617F70056A439 /* UserDefaults+Devocionais */ = {
			isa = PBXGroup;
			children = (
				139157212786182E0056A439 /* UserDevocionais.swift */,
			);
			path = "UserDefaults+Devocionais";
			sourceTree = "<group>";
		};
		139272AA27B07394002C4F09 /* MeuDevocionalSticker */ = {
			isa = PBXGroup;
			children = (
				139272AB27B07395002C4F09 /* Stickers.xcassets */,
				139272AD27B07395002C4F09 /* Info.plist */,
			);
			path = MeuDevocionalSticker;
			sourceTree = "<group>";
		};
		13949BB92798797300650144 /* Frameworks */ = {
			isa = PBXGroup;
			children = (
				13949BBA2798797300650144 /* WidgetKit.framework */,
				13949BBC2798797300650144 /* SwiftUI.framework */,
			);
			name = Frameworks;
			sourceTree = "<group>";
		};
		13949BBE2798797300650144 /* MeuDevocionalWidget */ = {
			isa = PBXGroup;
			children = (
				13949BBF2798797300650144 /* MeuDevocionalWidget.swift */,
				139044232798ABF800EFAAAB /* WidgetContent.swift */,
				13949BC12798797400650144 /* Assets.xcassets */,
				13949BC32798797400650144 /* Info.plist */,
			);
			path = MeuDevocionalWidget;
			sourceTree = "<group>";
		};
		139B6FA826A8A1E200C50E06 /* DevocionaisDiarias */ = {
			isa = PBXGroup;
			children = (
				139B6F6C26A2724C00C50E06 /* DevocionalDiarioEstudoViewController.swift */,
				13026C5226A0C10700D683B0 /* DevocionalDiarioViewController.swift */,
				1331FFCF26AB2B11003BDFAC /* DevocionalMusicViewController.swift */,
				13F476172791FFE900C12113 /* DevocionalDiarioRapidoViewController.swift */,
			);
			path = DevocionaisDiarias;
			sourceTree = "<group>";
		};
		139B6FA926A8A1EB00C50E06 /* Dependences */ = {
			isa = PBXGroup;
			children = (
				13915720278617F70056A439 /* UserDefaults+Devocionais */,
				1391571F278617840056A439 /* Notificacoes */,
				1391571A278616C30056A439 /* Extensions */,
				139157192786169F0056A439 /* ConteudoBase */,
				13026C5826A0CDC000D683B0 /* ConstraintsAndDesign.swift */,
				13026C4C26A0A3E300D683B0 /* CollectionItem.swift */,
				13915723278618950056A439 /* EmptyView.swift */,
			);
			path = Dependences;
			sourceTree = "<group>";
		};
		139B6FAB26A8A21500C50E06 /* ViewControllersCell */ = {
			isa = PBXGroup;
			children = (
				13026C5426A0C2D300D683B0 /* MyCollectionViewCell.swift */,
				134ADBF8279F11F400AD4370 /* MyCollectionViewCell2.swift */,
				139B6FA126A7456A00C50E06 /* MyTableViewCell.swift */,
			);
			path = ViewControllersCell;
			sourceTree = "<group>";
		};
		139B6FAC26A8A24800C50E06 /* Mural */ = {
			isa = PBXGroup;
			children = (
				139B6F7026A2730F00C50E06 /* MuralViewController.swift */,
				139B6F7226A2766400C50E06 /* MuralViewController2.swift */,
			);
			path = Mural;
			sourceTree = "<group>";
		};
		139B6FAD26A8A25900C50E06 /* MinhasDevocionais */ = {
			isa = PBXGroup;
			children = (
				13026C6026A211BA00D683B0 /* MinhaDevocional2ViewController.swift */,
				139B6F9F26A72FA800C50E06 /* MinhaDevocional3ViewController.swift */,
				136CEA0E26B24FF2007BDC49 /* MinhaDevocionalViewController.swift */,
			);
			path = MinhasDevocionais;
			sourceTree = "<group>";
		};
		139B6FC626A8CF8400C50E06 /* CoreData */ = {
			isa = PBXGroup;
			children = (
				139B6FC726A8CF9700C50E06 /* CoreDataDevocionais.swift */,
				139B6FCE26A9DA9900C50E06 /* CoreDataPost.swift */,
			);
			path = CoreData;
			sourceTree = "<group>";
		};
		13C0758E279487410051F316 /* Onboard */ = {
			isa = PBXGroup;
			children = (
				13C0758F279488950051F316 /* OnboardViewController.swift */,
				13C07591279488CB0051F316 /* ViewOnboarding.swift */,
			);
			path = Onboard;
			sourceTree = "<group>";
		};
		13C075932797312F0051F316 /* Image */ = {
			isa = PBXGroup;
			children = (
				13C07594279731480051F316 /* ImagePicker.swift */,
				13C0759627973C1B0051F316 /* SalvarImagem.swift */,
			);
			path = Image;
			sourceTree = "<group>";
		};
		13F476122791E55D00C12113 /* Model */ = {
			isa = PBXGroup;
			children = (
				13F476132791E56D00C12113 /* DevocionaisRapidas.swift */,
				13F476152791EED700C12113 /* DataManager.swift */,
				13949BCB27987DF800650144 /* UserDefaultManager.swift */,
			);
			path = Model;
			sourceTree = "<group>";
		};
/* End PBXGroup section */

/* Begin PBXNativeTarget section */
		13026C3426A0A1FE00D683B0 /* MeuDevocional */ = {
			isa = PBXNativeTarget;
			buildConfigurationList = 13026C4926A0A20300D683B0 /* Build configuration list for PBXNativeTarget "MeuDevocional" */;
			buildPhases = (
				13026C3126A0A1FE00D683B0 /* Sources */,
				13026C3226A0A1FE00D683B0 /* Frameworks */,
				13026C3326A0A1FE00D683B0 /* Resources */,
				13949BC72798797400650144 /* Embed App Extensions */,
			);
			buildRules = (
			);
			dependencies = (
				13949BC52798797400650144 /* PBXTargetDependency */,
				139272AF27B07395002C4F09 /* PBXTargetDependency */,
			);
			name = MeuDevocional;
			productName = MeuDevocional;
			productReference = 13026C3526A0A1FE00D683B0 /* MeuDevocional.app */;
			productType = "com.apple.product-type.application";
		};
		139272A827B07394002C4F09 /* MeuDevocionalSticker */ = {
			isa = PBXNativeTarget;
			buildConfigurationList = 139272B327B07395002C4F09 /* Build configuration list for PBXNativeTarget "MeuDevocionalSticker" */;
			buildPhases = (
				139272A727B07394002C4F09 /* Resources */,
			);
			buildRules = (
			);
			dependencies = (
			);
			name = MeuDevocionalSticker;
			productName = MeuDevocionalSticker;
			productReference = 139272A927B07394002C4F09 /* MeuDevocionalSticker.appex */;
			productType = "com.apple.product-type.app-extension.messages-sticker-pack";
		};
		13949BB72798797300650144 /* MeuDevocionalWidgetExtension */ = {
			isa = PBXNativeTarget;
			buildConfigurationList = 13949BCA2798797400650144 /* Build configuration list for PBXNativeTarget "MeuDevocionalWidgetExtension" */;
			buildPhases = (
				13949BB42798797300650144 /* Sources */,
				13949BB52798797300650144 /* Frameworks */,
				13949BB62798797300650144 /* Resources */,
			);
			buildRules = (
			);
			dependencies = (
			);
			name = MeuDevocionalWidgetExtension;
			productName = MeuDevocionalWidgetExtension;
			productReference = 13949BB82798797300650144 /* MeuDevocionalWidgetExtension.appex */;
			productType = "com.apple.product-type.app-extension";
		};
/* End PBXNativeTarget section */

/* Begin PBXProject section */
		13026C2D26A0A1FE00D683B0 /* Project object */ = {
			isa = PBXProject;
			attributes = {
				LastSwiftUpdateCheck = 1320;
				LastUpgradeCheck = 1250;
				TargetAttributes = {
					13026C3426A0A1FE00D683B0 = {
						CreatedOnToolsVersion = 12.5.1;
					};
					139272A827B07394002C4F09 = {
						CreatedOnToolsVersion = 13.2.1;
					};
					13949BB72798797300650144 = {
						CreatedOnToolsVersion = 13.2.1;
					};
				};
			};
			buildConfigurationList = 13026C3026A0A1FE00D683B0 /* Build configuration list for PBXProject "MeuDevocional" */;
			compatibilityVersion = "Xcode 9.3";
			developmentRegion = en;
			hasScannedForEncodings = 0;
			knownRegions = (
				en,
				Base,
			);
			mainGroup = 13026C2C26A0A1FE00D683B0;
			productRefGroup = 13026C3626A0A1FE00D683B0 /* Products */;
			projectDirPath = "";
			projectRoot = "";
			targets = (
				13026C3426A0A1FE00D683B0 /* MeuDevocional */,
				13949BB72798797300650144 /* MeuDevocionalWidgetExtension */,
				139272A827B07394002C4F09 /* MeuDevocionalSticker */,
			);
		};
/* End PBXProject section */

/* Begin PBXResourcesBuildPhase section */
		13026C3326A0A1FE00D683B0 /* Resources */ = {
			isa = PBXResourcesBuildPhase;
			buildActionMask = 2147483647;
			files = (
				13026C4526A0A20300D683B0 /* LaunchScreen.storyboard in Resources */,
				13026C4226A0A20300D683B0 /* Assets.xcassets in Resources */,
				13026C4026A0A1FE00D683B0 /* Main.storyboard in Resources */,
			);
			runOnlyForDeploymentPostprocessing = 0;
		};
		139272A727B07394002C4F09 /* Resources */ = {
			isa = PBXResourcesBuildPhase;
			buildActionMask = 2147483647;
			files = (
				139272AC27B07395002C4F09 /* Stickers.xcassets in Resources */,
			);
			runOnlyForDeploymentPostprocessing = 0;
		};
		13949BB62798797300650144 /* Resources */ = {
			isa = PBXResourcesBuildPhase;
			buildActionMask = 2147483647;
			files = (
				13949BD0279883CF00650144 /* Assets.xcassets in Resources */,
				13949BC22798797400650144 /* Assets.xcassets in Resources */,
			);
			runOnlyForDeploymentPostprocessing = 0;
		};
/* End PBXResourcesBuildPhase section */

/* Begin PBXSourcesBuildPhase section */
		13026C3126A0A1FE00D683B0 /* Sources */ = {
			isa = PBXSourcesBuildPhase;
			buildActionMask = 2147483647;
			files = (
				13C07592279488CB0051F316 /* ViewOnboarding.swift in Sources */,
				139B6FCF26A9DA9900C50E06 /* CoreDataPost.swift in Sources */,
				13F476162791EED700C12113 /* DataManager.swift in Sources */,
				1391571C278616F40056A439 /* MinhasDevocionais+UITextField.swift in Sources */,
				139B6F7126A2730F00C50E06 /* MuralViewController.swift in Sources */,
				134ADBF9279F11F400AD4370 /* MyCollectionViewCell2.swift in Sources */,
				136F9E1026AE0D590064F06F /* vidaBase.swift in Sources */,
				139B6F6D26A2724C00C50E06 /* DevocionalDiarioEstudoViewController.swift in Sources */,
				139B6FC426A8CF7600C50E06 /* Devocionais+CoreDataClass.swift in Sources */,
				13F476182791FFE900C12113 /* DevocionalDiarioRapidoViewController.swift in Sources */,
				1331FFD226AB6605003BDFAC /* cotidianoBase.swift in Sources */,
				139B6FC126A8CEE800C50E06 /* Model.xcdatamodeld in Sources */,
				1391571E278617790056A439 /* NotificacoesConteudo.swift in Sources */,
				13026C5926A0CDC000D683B0 /* ConstraintsAndDesign.swift in Sources */,
				139B6FC526A8CF7600C50E06 /* Devocionais+CoreDataProperties.swift in Sources */,
				13949BCC27987DF800650144 /* UserDefaultManager.swift in Sources */,
				1331FFD026AB2B11003BDFAC /* DevocionalMusicViewController.swift in Sources */,
				13026C5726A0CC7400D683B0 /* EstruturaBaseData.swift in Sources */,
				136F9E1226AE17C30064F06F /* estudosBase.swift in Sources */,
				139B6FA026A72FA800C50E06 /* MinhaDevocional3ViewController.swift in Sources */,
				139B6F7326A2766400C50E06 /* MuralViewController2.swift in Sources */,
				13915724278618950056A439 /* EmptyView.swift in Sources */,
				139B6FA226A7456A00C50E06 /* MyTableViewCell.swift in Sources */,
				13C07595279731480051F316 /* ImagePicker.swift in Sources */,
				13C07590279488950051F316 /* OnboardViewController.swift in Sources */,
				13026C6126A211BA00D683B0 /* MinhaDevocional2ViewController.swift in Sources */,
				13026C5526A0C2D300D683B0 /* MyCollectionViewCell.swift in Sources */,
				139B6FCC26A9DA5500C50E06 /* Post+CoreDataProperties.swift in Sources */,
				13026C5326A0C10700D683B0 /* DevocionalDiarioViewController.swift in Sources */,
				13026C3926A0A1FE00D683B0 /* AppDelegate.swift in Sources */,
				13F476142791E56D00C12113 /* DevocionaisRapidas.swift in Sources */,
				139B6FC826A8CF9700C50E06 /* CoreDataDevocionais.swift in Sources */,
				136CEA0F26B24FF2007BDC49 /* MinhaDevocionalViewController.swift in Sources */,
				139B6FCB26A9DA5500C50E06 /* Post+CoreDataClass.swift in Sources */,
				13026C4D26A0A3E300D683B0 /* CollectionItem.swift in Sources */,
				13026C3B26A0A1FE00D683B0 /* SceneDelegate.swift in Sources */,
				136CEA0D26B0ABA4007BDC49 /* InfoViewController.swift in Sources */,
				139044262798AC0400EFAAAB /* WidgetContent.swift in Sources */,
				13C0759727973C1B0051F316 /* SalvarImagem.swift in Sources */,
				139157222786182E0056A439 /* UserDevocionais.swift in Sources */,
			);
			runOnlyForDeploymentPostprocessing = 0;
		};
		13949BB42798797300650144 /* Sources */ = {
			isa = PBXSourcesBuildPhase;
			buildActionMask = 2147483647;
			files = (
				13949BD127988AE400650144 /* SalvarImagem.swift in Sources */,
				13949BCF2798834400650144 /* UserDefaultManager.swift in Sources */,
				139044252798AC0200EFAAAB /* WidgetContent.swift in Sources */,
				13949BC02798797300650144 /* MeuDevocionalWidget.swift in Sources */,
				139044212798A24100EFAAAB /* Model.xcdatamodeld in Sources */,
			);
			runOnlyForDeploymentPostprocessing = 0;
		};
/* End PBXSourcesBuildPhase section */

/* Begin PBXTargetDependency section */
		139272AF27B07395002C4F09 /* PBXTargetDependency */ = {
			isa = PBXTargetDependency;
			target = 139272A827B07394002C4F09 /* MeuDevocionalSticker */;
			targetProxy = 139272AE27B07395002C4F09 /* PBXContainerItemProxy */;
		};
		13949BC52798797400650144 /* PBXTargetDependency */ = {
			isa = PBXTargetDependency;
			target = 13949BB72798797300650144 /* MeuDevocionalWidgetExtension */;
			targetProxy = 13949BC42798797400650144 /* PBXContainerItemProxy */;
		};
/* End PBXTargetDependency section */

/* Begin PBXVariantGroup section */
		13026C3E26A0A1FE00D683B0 /* Main.storyboard */ = {
			isa = PBXVariantGroup;
			children = (
				13026C3F26A0A1FE00D683B0 /* Base */,
			);
			name = Main.storyboard;
			sourceTree = "<group>";
		};
		13026C4326A0A20300D683B0 /* LaunchScreen.storyboard */ = {
			isa = PBXVariantGroup;
			children = (
				13026C4426A0A20300D683B0 /* Base */,
			);
			name = LaunchScreen.storyboard;
			sourceTree = "<group>";
		};
/* End PBXVariantGroup section */

/* Begin XCBuildConfiguration section */
		13026C4726A0A20300D683B0 /* Debug */ = {
			isa = XCBuildConfiguration;
			buildSettings = {
				ALWAYS_SEARCH_USER_PATHS = NO;
				CLANG_ANALYZER_NONNULL = YES;
				CLANG_ANALYZER_NUMBER_OBJECT_CONVERSION = YES_AGGRESSIVE;
				CLANG_CXX_LANGUAGE_STANDARD = "gnu++14";
				CLANG_CXX_LIBRARY = "libc++";
				CLANG_ENABLE_MODULES = YES;
				CLANG_ENABLE_OBJC_ARC = YES;
				CLANG_ENABLE_OBJC_WEAK = YES;
				CLANG_WARN_BLOCK_CAPTURE_AUTORELEASING = YES;
				CLANG_WARN_BOOL_CONVERSION = YES;
				CLANG_WARN_COMMA = YES;
				CLANG_WARN_CONSTANT_CONVERSION = YES;
				CLANG_WARN_DEPRECATED_OBJC_IMPLEMENTATIONS = YES;
				CLANG_WARN_DIRECT_OBJC_ISA_USAGE = YES_ERROR;
				CLANG_WARN_DOCUMENTATION_COMMENTS = YES;
				CLANG_WARN_EMPTY_BODY = YES;
				CLANG_WARN_ENUM_CONVERSION = YES;
				CLANG_WARN_INFINITE_RECURSION = YES;
				CLANG_WARN_INT_CONVERSION = YES;
				CLANG_WARN_NON_LITERAL_NULL_CONVERSION = YES;
				CLANG_WARN_OBJC_IMPLICIT_RETAIN_SELF = YES;
				CLANG_WARN_OBJC_LITERAL_CONVERSION = YES;
				CLANG_WARN_OBJC_ROOT_CLASS = YES_ERROR;
				CLANG_WARN_QUOTED_INCLUDE_IN_FRAMEWORK_HEADER = YES;
				CLANG_WARN_RANGE_LOOP_ANALYSIS = YES;
				CLANG_WARN_STRICT_PROTOTYPES = YES;
				CLANG_WARN_SUSPICIOUS_MOVE = YES;
				CLANG_WARN_UNGUARDED_AVAILABILITY = YES_AGGRESSIVE;
				CLANG_WARN_UNREACHABLE_CODE = YES;
				CLANG_WARN__DUPLICATE_METHOD_MATCH = YES;
				COPY_PHASE_STRIP = NO;
				DEBUG_INFORMATION_FORMAT = dwarf;
				ENABLE_STRICT_OBJC_MSGSEND = YES;
				ENABLE_TESTABILITY = YES;
				GCC_C_LANGUAGE_STANDARD = gnu11;
				GCC_DYNAMIC_NO_PIC = NO;
				GCC_NO_COMMON_BLOCKS = YES;
				GCC_OPTIMIZATION_LEVEL = 0;
				GCC_PREPROCESSOR_DEFINITIONS = (
					"DEBUG=1",
					"$(inherited)",
				);
				GCC_WARN_64_TO_32_BIT_CONVERSION = YES;
				GCC_WARN_ABOUT_RETURN_TYPE = YES_ERROR;
				GCC_WARN_UNDECLARED_SELECTOR = YES;
				GCC_WARN_UNINITIALIZED_AUTOS = YES_AGGRESSIVE;
				GCC_WARN_UNUSED_FUNCTION = YES;
				GCC_WARN_UNUSED_VARIABLE = YES;
				IPHONEOS_DEPLOYMENT_TARGET = 14.5;
				MTL_ENABLE_DEBUG_INFO = INCLUDE_SOURCE;
				MTL_FAST_MATH = YES;
				ONLY_ACTIVE_ARCH = YES;
				SDKROOT = iphoneos;
				SWIFT_ACTIVE_COMPILATION_CONDITIONS = DEBUG;
				SWIFT_OPTIMIZATION_LEVEL = "-Onone";
			};
			name = Debug;
		};
		13026C4826A0A20300D683B0 /* Release */ = {
			isa = XCBuildConfiguration;
			buildSettings = {
				ALWAYS_SEARCH_USER_PATHS = NO;
				CLANG_ANALYZER_NONNULL = YES;
				CLANG_ANALYZER_NUMBER_OBJECT_CONVERSION = YES_AGGRESSIVE;
				CLANG_CXX_LANGUAGE_STANDARD = "gnu++14";
				CLANG_CXX_LIBRARY = "libc++";
				CLANG_ENABLE_MODULES = YES;
				CLANG_ENABLE_OBJC_ARC = YES;
				CLANG_ENABLE_OBJC_WEAK = YES;
				CLANG_WARN_BLOCK_CAPTURE_AUTORELEASING = YES;
				CLANG_WARN_BOOL_CONVERSION = YES;
				CLANG_WARN_COMMA = YES;
				CLANG_WARN_CONSTANT_CONVERSION = YES;
				CLANG_WARN_DEPRECATED_OBJC_IMPLEMENTATIONS = YES;
				CLANG_WARN_DIRECT_OBJC_ISA_USAGE = YES_ERROR;
				CLANG_WARN_DOCUMENTATION_COMMENTS = YES;
				CLANG_WARN_EMPTY_BODY = YES;
				CLANG_WARN_ENUM_CONVERSION = YES;
				CLANG_WARN_INFINITE_RECURSION = YES;
				CLANG_WARN_INT_CONVERSION = YES;
				CLANG_WARN_NON_LITERAL_NULL_CONVERSION = YES;
				CLANG_WARN_OBJC_IMPLICIT_RETAIN_SELF = YES;
				CLANG_WARN_OBJC_LITERAL_CONVERSION = YES;
				CLANG_WARN_OBJC_ROOT_CLASS = YES_ERROR;
				CLANG_WARN_QUOTED_INCLUDE_IN_FRAMEWORK_HEADER = YES;
				CLANG_WARN_RANGE_LOOP_ANALYSIS = YES;
				CLANG_WARN_STRICT_PROTOTYPES = YES;
				CLANG_WARN_SUSPICIOUS_MOVE = YES;
				CLANG_WARN_UNGUARDED_AVAILABILITY = YES_AGGRESSIVE;
				CLANG_WARN_UNREACHABLE_CODE = YES;
				CLANG_WARN__DUPLICATE_METHOD_MATCH = YES;
				COPY_PHASE_STRIP = NO;
				DEBUG_INFORMATION_FORMAT = "dwarf-with-dsym";
				ENABLE_NS_ASSERTIONS = NO;
				ENABLE_STRICT_OBJC_MSGSEND = YES;
				GCC_C_LANGUAGE_STANDARD = gnu11;
				GCC_NO_COMMON_BLOCKS = YES;
				GCC_WARN_64_TO_32_BIT_CONVERSION = YES;
				GCC_WARN_ABOUT_RETURN_TYPE = YES_ERROR;
				GCC_WARN_UNDECLARED_SELECTOR = YES;
				GCC_WARN_UNINITIALIZED_AUTOS = YES_AGGRESSIVE;
				GCC_WARN_UNUSED_FUNCTION = YES;
				GCC_WARN_UNUSED_VARIABLE = YES;
				IPHONEOS_DEPLOYMENT_TARGET = 14.5;
				MTL_ENABLE_DEBUG_INFO = NO;
				MTL_FAST_MATH = YES;
				SDKROOT = iphoneos;
				SWIFT_COMPILATION_MODE = wholemodule;
				SWIFT_OPTIMIZATION_LEVEL = "-O";
				VALIDATE_PRODUCT = YES;
			};
			name = Release;
		};
		13026C4A26A0A20300D683B0 /* Debug */ = {
			isa = XCBuildConfiguration;
			buildSettings = {
				ALWAYS_EMBED_SWIFT_STANDARD_LIBRARIES = YES;
				ASSETCATALOG_COMPILER_APPICON_NAME = AppIcon;
				ASSETCATALOG_COMPILER_GLOBAL_ACCENT_COLOR_NAME = AccentColor;
				CODE_SIGN_ENTITLEMENTS = MeuDevocional/MeuDevocional.entitlements;
				CODE_SIGN_STYLE = Automatic;
				CURRENT_PROJECT_VERSION = 1;
				DEVELOPMENT_TEAM = V8V28A4DX2;
				INFOPLIST_FILE = MeuDevocional/Info.plist;
				LD_RUNPATH_SEARCH_PATHS = (
					"$(inherited)",
					"@executable_path/Frameworks",
				);
				MARKETING_VERSION = 2.1;
				PRODUCT_BUNDLE_IDENTIFIER = biaduque.MeuDevocional;
				PRODUCT_NAME = "$(TARGET_NAME)";
				SWIFT_VERSION = 5.0;
				TARGETED_DEVICE_FAMILY = 1;
			};
			name = Debug;
		};
		13026C4B26A0A20300D683B0 /* Release */ = {
			isa = XCBuildConfiguration;
			buildSettings = {
				ALWAYS_EMBED_SWIFT_STANDARD_LIBRARIES = YES;
				ASSETCATALOG_COMPILER_APPICON_NAME = AppIcon;
				ASSETCATALOG_COMPILER_GLOBAL_ACCENT_COLOR_NAME = AccentColor;
				CODE_SIGN_ENTITLEMENTS = MeuDevocional/MeuDevocional.entitlements;
				CODE_SIGN_STYLE = Automatic;
				CURRENT_PROJECT_VERSION = 1;
				DEVELOPMENT_TEAM = V8V28A4DX2;
				INFOPLIST_FILE = MeuDevocional/Info.plist;
				LD_RUNPATH_SEARCH_PATHS = (
					"$(inherited)",
					"@executable_path/Frameworks",
				);
				MARKETING_VERSION = 2.1;
				PRODUCT_BUNDLE_IDENTIFIER = biaduque.MeuDevocional;
				PRODUCT_NAME = "$(TARGET_NAME)";
				SWIFT_VERSION = 5.0;
				TARGETED_DEVICE_FAMILY = 1;
			};
			name = Release;
		};
		139272B127B07395002C4F09 /* Debug */ = {
			isa = XCBuildConfiguration;
			buildSettings = {
				ASSETCATALOG_COMPILER_APPICON_NAME = "iMessage App Icon";
				CLANG_CXX_LANGUAGE_STANDARD = "gnu++17";
				CODE_SIGN_STYLE = Automatic;
				CURRENT_PROJECT_VERSION = 1;
				DEVELOPMENT_TEAM = V8V28A4DX2;
				GENERATE_INFOPLIST_FILE = YES;
				INFOPLIST_FILE = MeuDevocionalSticker/Info.plist;
				IPHONEOS_DEPLOYMENT_TARGET = 15.2;
				MARKETING_VERSION = 1.0;
				PRODUCT_BUNDLE_IDENTIFIER = biaduque.MeuDevocional.MeuDevocionalSticker;
				PRODUCT_NAME = "$(TARGET_NAME)";
				SKIP_INSTALL = YES;
				SWIFT_EMIT_LOC_STRINGS = YES;
				TARGETED_DEVICE_FAMILY = "1,2";
			};
			name = Debug;
		};
		139272B227B07395002C4F09 /* Release */ = {
			isa = XCBuildConfiguration;
			buildSettings = {
				ASSETCATALOG_COMPILER_APPICON_NAME = "iMessage App Icon";
				CLANG_CXX_LANGUAGE_STANDARD = "gnu++17";
				CODE_SIGN_STYLE = Automatic;
				CURRENT_PROJECT_VERSION = 1;
				DEVELOPMENT_TEAM = V8V28A4DX2;
				GENERATE_INFOPLIST_FILE = YES;
				INFOPLIST_FILE = MeuDevocionalSticker/Info.plist;
				IPHONEOS_DEPLOYMENT_TARGET = 15.2;
				MARKETING_VERSION = 1.0;
				PRODUCT_BUNDLE_IDENTIFIER = biaduque.MeuDevocional.MeuDevocionalSticker;
				PRODUCT_NAME = "$(TARGET_NAME)";
				SKIP_INSTALL = YES;
				SWIFT_EMIT_LOC_STRINGS = YES;
				TARGETED_DEVICE_FAMILY = "1,2";
			};
			name = Release;
		};
		13949BC82798797400650144 /* Debug */ = {
			isa = XCBuildConfiguration;
			buildSettings = {
				ASSETCATALOG_COMPILER_GLOBAL_ACCENT_COLOR_NAME = AccentColor;
				ASSETCATALOG_COMPILER_WIDGET_BACKGROUND_COLOR_NAME = WidgetBackground;
				CLANG_CXX_LANGUAGE_STANDARD = "gnu++17";
				CODE_SIGN_ENTITLEMENTS = MeuDevocionalWidgetExtension.entitlements;
				CODE_SIGN_STYLE = Automatic;
				CURRENT_PROJECT_VERSION = 1;
				DEVELOPMENT_TEAM = V8V28A4DX2;
				GENERATE_INFOPLIST_FILE = YES;
				INFOPLIST_FILE = MeuDevocionalWidget/Info.plist;
				INFOPLIST_KEY_CFBundleDisplayName = MeuDevocionalWidget;
				INFOPLIST_KEY_NSHumanReadableCopyright = "";
				IPHONEOS_DEPLOYMENT_TARGET = 15.2;
				LD_RUNPATH_SEARCH_PATHS = (
					"$(inherited)",
					"@executable_path/Frameworks",
					"@executable_path/../../Frameworks",
				);
				MARKETING_VERSION = 1.0;
				PRODUCT_BUNDLE_IDENTIFIER = biaduque.MeuDevocional.MeuDevocionalWidget;
				PRODUCT_NAME = "$(TARGET_NAME)";
				SKIP_INSTALL = YES;
				SWIFT_EMIT_LOC_STRINGS = YES;
				SWIFT_VERSION = 5.0;
				TARGETED_DEVICE_FAMILY = "1,2";
			};
			name = Debug;
		};
		13949BC92798797400650144 /* Release */ = {
			isa = XCBuildConfiguration;
			buildSettings = {
				ASSETCATALOG_COMPILER_GLOBAL_ACCENT_COLOR_NAME = AccentColor;
				ASSETCATALOG_COMPILER_WIDGET_BACKGROUND_COLOR_NAME = WidgetBackground;
				CLANG_CXX_LANGUAGE_STANDARD = "gnu++17";
				CODE_SIGN_ENTITLEMENTS = MeuDevocionalWidgetExtension.entitlements;
				CODE_SIGN_STYLE = Automatic;
				CURRENT_PROJECT_VERSION = 1;
				DEVELOPMENT_TEAM = V8V28A4DX2;
				GENERATE_INFOPLIST_FILE = YES;
				INFOPLIST_FILE = MeuDevocionalWidget/Info.plist;
				INFOPLIST_KEY_CFBundleDisplayName = MeuDevocionalWidget;
				INFOPLIST_KEY_NSHumanReadableCopyright = "";
				IPHONEOS_DEPLOYMENT_TARGET = 15.2;
				LD_RUNPATH_SEARCH_PATHS = (
					"$(inherited)",
					"@executable_path/Frameworks",
					"@executable_path/../../Frameworks",
				);
				MARKETING_VERSION = 1.0;
				PRODUCT_BUNDLE_IDENTIFIER = biaduque.MeuDevocional.MeuDevocionalWidget;
				PRODUCT_NAME = "$(TARGET_NAME)";
				SKIP_INSTALL = YES;
				SWIFT_EMIT_LOC_STRINGS = YES;
				SWIFT_VERSION = 5.0;
				TARGETED_DEVICE_FAMILY = "1,2";
			};
			name = Release;
		};
/* End XCBuildConfiguration section */

/* Begin XCConfigurationList section */
		13026C3026A0A1FE00D683B0 /* Build configuration list for PBXProject "MeuDevocional" */ = {
			isa = XCConfigurationList;
			buildConfigurations = (
				13026C4726A0A20300D683B0 /* Debug */,
				13026C4826A0A20300D683B0 /* Release */,
			);
			defaultConfigurationIsVisible = 0;
			defaultConfigurationName = Release;
		};
		13026C4926A0A20300D683B0 /* Build configuration list for PBXNativeTarget "MeuDevocional" */ = {
			isa = XCConfigurationList;
			buildConfigurations = (
				13026C4A26A0A20300D683B0 /* Debug */,
				13026C4B26A0A20300D683B0 /* Release */,
			);
			defaultConfigurationIsVisible = 0;
			defaultConfigurationName = Release;
		};
		139272B327B07395002C4F09 /* Build configuration list for PBXNativeTarget "MeuDevocionalSticker" */ = {
			isa = XCConfigurationList;
			buildConfigurations = (
				139272B127B07395002C4F09 /* Debug */,
				139272B227B07395002C4F09 /* Release */,
			);
			defaultConfigurationIsVisible = 0;
			defaultConfigurationName = Release;
		};
		13949BCA2798797400650144 /* Build configuration list for PBXNativeTarget "MeuDevocionalWidgetExtension" */ = {
			isa = XCConfigurationList;
			buildConfigurations = (
				13949BC82798797400650144 /* Debug */,
				13949BC92798797400650144 /* Release */,
			);
			defaultConfigurationIsVisible = 0;
			defaultConfigurationName = Release;
		};
/* End XCConfigurationList section */

/* Begin XCVersionGroup section */
		139B6FBF26A8CEE800C50E06 /* Model.xcdatamodeld */ = {
			isa = XCVersionGroup;
			children = (
				139B6FC026A8CEE800C50E06 /* Model.xcdatamodel */,
			);
			currentVersion = 139B6FC026A8CEE800C50E06 /* Model.xcdatamodel */;
			path = Model.xcdatamodeld;
			sourceTree = "<group>";
			versionGroupType = wrapper.xcdatamodel;
		};
/* End XCVersionGroup section */
	};
	rootObject = 13026C2D26A0A1FE00D683B0 /* Project object */;
}
